
Microsoft Visual Studio Solution File, Format Version 12.00
# Visual Studio Version 17
VisualStudioVersion = 17.6.33815.320
MinimumVisualStudioVersion = 10.0.40219.1
Project("{FAE04EC0-301F-11D3-BF4B-00C04F79EFBC}") = "ProblemSolvingBasic", "ProblemSolvingBasic\ProblemSolvingBasic.csproj", "{036935D4-8093-4B2C-9C63-2FD0A271C69B}"
EndProject
Global
	GlobalSection(SolutionConfigurationPlatforms) = preSolution
		Debug|Any CPU = Debug|Any CPU
		Release|Any CPU = Release|Any CPU
	EndGlobalSection
	GlobalSection(ProjectConfigurationPlatforms) = postSolution
		{036935D4-8093-4B2C-9C63-2FD0A271C69B}.Debug|Any CPU.ActiveCfg = Debug|Any CPU
		{036935D4-8093-4B2C-9C63-2FD0A271C69B}.Debug|Any CPU.Build.0 = Debug|Any CPU
		{036935D4-8093-4B2C-9C63-2FD0A271C69B}.Release|Any CPU.ActiveCfg = Release|Any CPU
		{036935D4-8093-4B2C-9C63-2FD0A271C69B}.Release|Any CPU.Build.0 = Release|Any CPU
	EndGlobalSection
	GlobalSection(SolutionProperties) = preSolution
		HideSolutionNode = FALSE
	EndGlobalSection
	GlobalSection(ExtensibilityGlobals) = postSolution
		SolutionGuid = {7A6202E7-6C66-471B-A388-430CEA5C2B51}
	EndGlobalSection
EndGlobal
